
Microsoft Visual Studio Solution File, Format Version 12.00
# Visual Studio Version 17
VisualStudioVersion = 17.5.33424.131
MinimumVisualStudioVersion = 10.0.40219.1
Project("{9A19103F-16F7-4668-BE54-9A1E7A4F7556}") = "SocialMedia.WebUI", "SocialMedia.WebUI\SocialMedia.WebUI.csproj", "{1F422FB2-BC29-4814-84A9-C7AE233C3C91}"
EndProject
Project("{9A19103F-16F7-4668-BE54-9A1E7A4F7556}") = "SocialMedia.Domain", "SocialMedia.Domain\SocialMedia.Domain.csproj", "{27938299-DCC8-421A-9964-F9E2B5CFA255}"
EndProject
Project("{9A19103F-16F7-4668-BE54-9A1E7A4F7556}") = "SocialMedia.Application", "SocialMedia.Application\SocialMedia.Application.csproj", "{071F3CB7-50E9-4CC2-9A96-EA8B80420F66}"
EndProject
Project("{9A19103F-16F7-4668-BE54-9A1E7A4F7556}") = "SocialMedia.Infrastucture", "SocialMedia.Infrastucture\SocialMedia.Infrastucture.csproj", "{DD6C4CBF-0C0F-4BBC-B41F-45C854DBB709}"
EndProject
Project("{2150E333-8FDC-42A3-9474-1A3956D46DE8}") = "Solution Items", "Solution Items", "{3BC97755-79E7-4202-B508-0DC348FE158D}"
	ProjectSection(SolutionItems) = preProject
		CodeComments.md = CodeComments.md
	EndProjectSection
EndProject
Global
	GlobalSection(SolutionConfigurationPlatforms) = preSolution
		Debug|Any CPU = Debug|Any CPU
		Release|Any CPU = Release|Any CPU
	EndGlobalSection
	GlobalSection(ProjectConfigurationPlatforms) = postSolution
		{1F422FB2-BC29-4814-84A9-C7AE233C3C91}.Debug|Any CPU.ActiveCfg = Debug|Any CPU
		{1F422FB2-BC29-4814-84A9-C7AE233C3C91}.Debug|Any CPU.Build.0 = Debug|Any CPU
		{1F422FB2-BC29-4814-84A9-C7AE233C3C91}.Release|Any CPU.ActiveCfg = Release|Any CPU
		{1F422FB2-BC29-4814-84A9-C7AE233C3C91}.Release|Any CPU.Build.0 = Release|Any CPU
		{27938299-DCC8-421A-9964-F9E2B5CFA255}.Debug|Any CPU.ActiveCfg = Debug|Any CPU
		{27938299-DCC8-421A-9964-F9E2B5CFA255}.Debug|Any CPU.Build.0 = Debug|Any CPU
		{27938299-DCC8-421A-9964-F9E2B5CFA255}.Release|Any CPU.ActiveCfg = Release|Any CPU
		{27938299-DCC8-421A-9964-F9E2B5CFA255}.Release|Any CPU.Build.0 = Release|Any CPU
		{071F3CB7-50E9-4CC2-9A96-EA8B80420F66}.Debug|Any CPU.ActiveCfg = Debug|Any CPU
		{071F3CB7-50E9-4CC2-9A96-EA8B80420F66}.Debug|Any CPU.Build.0 = Debug|Any CPU
		{071F3CB7-50E9-4CC2-9A96-EA8B80420F66}.Release|Any CPU.ActiveCfg = Release|Any CPU
		{071F3CB7-50E9-4CC2-9A96-EA8B80420F66}.Release|Any CPU.Build.0 = Release|Any CPU
		{DD6C4CBF-0C0F-4BBC-B41F-45C854DBB709}.Debug|Any CPU.ActiveCfg = Debug|Any CPU
		{DD6C4CBF-0C0F-4BBC-B41F-45C854DBB709}.Debug|Any CPU.Build.0 = Debug|Any CPU
		{DD6C4CBF-0C0F-4BBC-B41F-45C854DBB709}.Release|Any CPU.ActiveCfg = Release|Any CPU
		{DD6C4CBF-0C0F-4BBC-B41F-45C854DBB709}.Release|Any CPU.Build.0 = Release|Any CPU
	EndGlobalSection
	GlobalSection(SolutionProperties) = preSolution
		HideSolutionNode = FALSE
	EndGlobalSection
	GlobalSection(ExtensibilityGlobals) = postSolution
		SolutionGuid = {3DFF62E9-89B4-44D1-BDB8-A9A19E806C0F}
	EndGlobalSection
EndGlobal
